
Microsoft Visual Studio Solution File, Format Version 12.00
# Visual Studio 15
Project("{FAE04EC0-301F-11D3-BF4B-00C04F79EFBC}") = "Assembly-CSharp", "Assembly-CSharp.csproj", "{366C8DA8-3294-E5A1-9E13-8372A575446A}"
EndProject
Project("{FAE04EC0-301F-11D3-BF4B-00C04F79EFBC}") = "Assembly-CSharp-Editor", "Assembly-CSharp-Editor.csproj", "{28820FEC-2B4F-5101-5893-8E90B265DFAE}"
EndProject
Global
	GlobalSection(SolutionConfigurationPlatforms) = preSolution
		Debug|Any CPU = Debug|Any CPU
		Release|Any CPU = Release|Any CPU
	EndGlobalSection
	GlobalSection(ProjectConfigurationPlatforms) = postSolution
		{366C8DA8-3294-E5A1-9E13-8372A575446A}.Debug|Any CPU.ActiveCfg = Debug|Any CPU
		{366C8DA8-3294-E5A1-9E13-8372A575446A}.Debug|Any CPU.Build.0 = Debug|Any CPU
		{366C8DA8-3294-E5A1-9E13-8372A575446A}.Release|Any CPU.ActiveCfg = Release|Any CPU
		{366C8DA8-3294-E5A1-9E13-8372A575446A}.Release|Any CPU.Build.0 = Release|Any CPU
		{28820FEC-2B4F-5101-5893-8E90B265DFAE}.Debug|Any CPU.ActiveCfg = Debug|Any CPU
		{28820FEC-2B4F-5101-5893-8E90B265DFAE}.Debug|Any CPU.Build.0 = Debug|Any CPU
		{28820FEC-2B4F-5101-5893-8E90B265DFAE}.Release|Any CPU.ActiveCfg = Release|Any CPU
		{28820FEC-2B4F-5101-5893-8E90B265DFAE}.Release|Any CPU.Build.0 = Release|Any CPU
	EndGlobalSection
	GlobalSection(SolutionProperties) = preSolution
		HideSolutionNode = FALSE
	EndGlobalSection
EndGlobal
